
Microsoft Visual Studio Solution File, Format Version 12.00
# Visual Studio Version 17
VisualStudioVersion = 17.7.34024.191
MinimumVisualStudioVersion = 10.0.40219.1
Project("{FAE04EC0-301F-11D3-BF4B-00C04F79EFBC}") = "Projekt_mitarbeiter_verwaltung", "Projekt_mitarbeiter_verwaltung\Projekt_mitarbeiter_verwaltung.csproj", "{13D086DB-7269-4AD5-A6C6-88C46560FF43}"
EndProject
Global
	GlobalSection(SolutionConfigurationPlatforms) = preSolution
		Debug|Any CPU = Debug|Any CPU
		Release|Any CPU = Release|Any CPU
	EndGlobalSection
	GlobalSection(ProjectConfigurationPlatforms) = postSolution
		{13D086DB-7269-4AD5-A6C6-88C46560FF43}.Debug|Any CPU.ActiveCfg = Debug|Any CPU
		{13D086DB-7269-4AD5-A6C6-88C46560FF43}.Debug|Any CPU.Build.0 = Debug|Any CPU
		{13D086DB-7269-4AD5-A6C6-88C46560FF43}.Release|Any CPU.ActiveCfg = Release|Any CPU
		{13D086DB-7269-4AD5-A6C6-88C46560FF43}.Release|Any CPU.Build.0 = Release|Any CPU
	EndGlobalSection
	GlobalSection(SolutionProperties) = preSolution
		HideSolutionNode = FALSE
	EndGlobalSection
	GlobalSection(ExtensibilityGlobals) = postSolution
		SolutionGuid = {7A27CD23-5FE5-41B4-A206-D9FCF5337104}
	EndGlobalSection
EndGlobal
